
Microsoft Visual Studio Solution File, Format Version 12.00
# Visual Studio Version 17
VisualStudioVersion = 17.3.32825.248
MinimumVisualStudioVersion = 10.0.40219.1
Project("{8BC9CEB8-8B4A-11D0-8D11-00A0C91BC942}") = "KH_Engine", "KH_Engine\KH_Engine.vcxproj", "{12ADFF39-E325-43FA-8D3F-F6A0C9BF21F9}"
EndProject
Project("{8BC9CEB8-8B4A-11D0-8D11-00A0C91BC942}") = "Graphics", "WinInit\WinInit.vcxproj", "{E5F8E236-DDCE-483A-AA9C-C2833DA86DCA}"
EndProject
Global
	GlobalSection(SolutionConfigurationPlatforms) = preSolution
		Debug|x64 = Debug|x64
		Debug|x86 = Debug|x86
		Release|x64 = Release|x64
		Release|x86 = Release|x86
	EndGlobalSection
	GlobalSection(ProjectConfigurationPlatforms) = postSolution
		{12ADFF39-E325-43FA-8D3F-F6A0C9BF21F9}.Debug|x64.ActiveCfg = Debug|x64
		{12ADFF39-E325-43FA-8D3F-F6A0C9BF21F9}.Debug|x64.Build.0 = Debug|x64
		{12ADFF39-E325-43FA-8D3F-F6A0C9BF21F9}.Debug|x86.ActiveCfg = Debug|Win32
		{12ADFF39-E325-43FA-8D3F-F6A0C9BF21F9}.Debug|x86.Build.0 = Debug|Win32
		{12ADFF39-E325-43FA-8D3F-F6A0C9BF21F9}.Release|x64.ActiveCfg = Release|x64
		{12ADFF39-E325-43FA-8D3F-F6A0C9BF21F9}.Release|x64.Build.0 = Release|x64
		{12ADFF39-E325-43FA-8D3F-F6A0C9BF21F9}.Release|x86.ActiveCfg = Release|Win32
		{12ADFF39-E325-43FA-8D3F-F6A0C9BF21F9}.Release|x86.Build.0 = Release|Win32
		{E5F8E236-DDCE-483A-AA9C-C2833DA86DCA}.Debug|x64.ActiveCfg = Debug|x64
		{E5F8E236-DDCE-483A-AA9C-C2833DA86DCA}.Debug|x64.Build.0 = Debug|x64
		{E5F8E236-DDCE-483A-AA9C-C2833DA86DCA}.Debug|x86.ActiveCfg = Debug|Win32
		{E5F8E236-DDCE-483A-AA9C-C2833DA86DCA}.Debug|x86.Build.0 = Debug|Win32
		{E5F8E236-DDCE-483A-AA9C-C2833DA86DCA}.Release|x64.ActiveCfg = Release|x64
		{E5F8E236-DDCE-483A-AA9C-C2833DA86DCA}.Release|x64.Build.0 = Release|x64
		{E5F8E236-DDCE-483A-AA9C-C2833DA86DCA}.Release|x86.ActiveCfg = Release|Win32
		{E5F8E236-DDCE-483A-AA9C-C2833DA86DCA}.Release|x86.Build.0 = Release|Win32
	EndGlobalSection
	GlobalSection(SolutionProperties) = preSolution
		HideSolutionNode = FALSE
	EndGlobalSection
	GlobalSection(ExtensibilityGlobals) = postSolution
		SolutionGuid = {1EDEC4FB-CA67-4216-BC58-AB161639B72D}
	EndGlobalSection
EndGlobal
